<?xml version="1.0" encoding="utf-8"?>
<Project ToolsVersion="4.0" xmlns="http://schemas.microsoft.com/developer/msbuild/2003">
  <ItemGroup>
    <Filter Include="Source Files">
      <UniqueIdentifier>{4FC737F1-C7A5-4376-A066-2A32D752A2FF}</UniqueIdentifier>
      <Extensions>cpp;c;cc;cxx;def;odl;idl;hpj;bat;asm;asmx</Extensions>
    </Filter>
    <Filter Include="Header Files">
      <UniqueIdentifier>{93995380-89BD-4b04-88EB-625FBE52EBFB}</UniqueIdentifier>
      <Extensions>h;hh;hpp;hxx;hm;inl;inc;xsd</Extensions>
    </Filter>
    <Filter Include="Resource Files">
      <UniqueIdentifier>{67DA6AB6-F800-4c08-8B7A-83BB121AAD01}</UniqueIdentifier>
      <Extensions>rc;ico;cur;bmp;dlg;rc2;rct;bin;rgs;gif;jpg;jpeg;jpe;resx;tiff;tif;png;wav;mfcribbon-ms</Extensions>
    </Filter>
    <Filter Include="Header Files\neurology">
      <UniqueIdentifier>{7f8c9819-6bd0-437e-a651-5daa4fec60eb}</UniqueIdentifier>
    </Filter>
    <Filter Include="Header Files\neurology\allocators">
      <UniqueIdentifier>{4e0cd61b-2a3b-4c3d-8cb4-ac7c880937d0}</UniqueIdentifier>
    </Filter>
    <Filter Include="Header Files\neurology\win32">
      <UniqueIdentifier>{5ae3a030-6261-4b0a-b0cf-37b250e0fb58}</UniqueIdentifier>
    </Filter>
    <Filter Include="Header Files\neurology\pe">
      <UniqueIdentifier>{b9112d9e-3470-49e8-b14a-1e1845adc978}</UniqueIdentifier>
    </Filter>
    <Filter Include="Source Files\allocators">
      <UniqueIdentifier>{38ebb5b2-3197-423b-9a7a-3379dbbb9743}</UniqueIdentifier>
    </Filter>
    <Filter Include="Source Files\win32">
      <UniqueIdentifier>{08b06c41-1e3c-4427-9dcc-eccba986f105}</UniqueIdentifier>
    </Filter>
    <Filter Include="Source Files\pe">
      <UniqueIdentifier>{40bdc4f7-678d-4942-89db-4ade56e056a1}</UniqueIdentifier>
    </Filter>
  </ItemGroup>
  <ItemGroup>
    <Text Include="ReadMe.txt" />
  </ItemGroup>
  <ItemGroup>
    <ClInclude Include="..\..\src\include\neurology.hpp">
      <Filter>Header Files</Filter>
    </ClInclude>
    <ClInclude Include="..\..\src\include\neurology\exception.hpp">
      <Filter>Header Files\neurology</Filter>
    </ClInclude>
    <ClInclude Include="..\..\src\include\neurology\configuration.hpp">
      <Filter>Header Files\neurology</Filter>
    </ClInclude>
    <ClInclude Include="..\..\src\include\neurology\allocators.hpp">
      <Filter>Header Files\neurology</Filter>
    </ClInclude>
    <ClInclude Include="..\..\src\include\neurology\address.hpp">
      <Filter>Header Files\neurology</Filter>
    </ClInclude>
    <ClInclude Include="..\..\src\include\neurology\allocators\void.hpp">
      <Filter>Header Files\neurology\allocators</Filter>
    </ClInclude>
    <ClInclude Include="..\..\src\include\neurology\allocators\local.hpp">
      <Filter>Header Files\neurology\allocators</Filter>
    </ClInclude>
    <ClInclude Include="..\..\src\include\neurology\object.hpp">
      <Filter>Header Files\neurology</Filter>
    </ClInclude>
    <ClInclude Include="..\..\src\include\neurology\allocators\virtual.hpp">
      <Filter>Header Files\neurology\allocators</Filter>
    </ClInclude>
    <ClInclude Include="..\..\src\include\neurology\win32\handle.hpp">
      <Filter>Header Files\neurology\win32</Filter>
    </ClInclude>
    <ClInclude Include="..\..\src\include\neurology\win32\process.hpp">
      <Filter>Header Files\neurology\win32</Filter>
    </ClInclude>
    <ClInclude Include="..\..\src\include\neurology\win32.hpp">
      <Filter>Header Files\neurology</Filter>
    </ClInclude>
  </ItemGroup>
  <ItemGroup>
    <ClCompile Include="..\..\src\lib\exception.cpp">
      <Filter>Source Files</Filter>
    </ClCompile>
    <ClCompile Include="..\..\src\lib\configuration.cpp">
      <Filter>Source Files</Filter>
    </ClCompile>
    <ClCompile Include="..\..\src\lib\address.cpp">
      <Filter>Source Files</Filter>
    </ClCompile>
    <ClCompile Include="..\..\src\lib\allocators\void.cpp">
      <Filter>Source Files\allocators</Filter>
    </ClCompile>
    <ClCompile Include="..\..\src\lib\allocators\local.cpp">
      <Filter>Source Files\allocators</Filter>
    </ClCompile>
    <ClCompile Include="..\..\src\lib\allocators\virtual.cpp">
      <Filter>Source Files\allocators</Filter>
    </ClCompile>
    <ClCompile Include="..\..\src\lib\win32\handle.cpp">
      <Filter>Source Files\win32</Filter>
    </ClCompile>
    <ClCompile Include="..\..\src\lib\win32\process.cpp">
      <Filter>Source Files\win32</Filter>
    </ClCompile>
  </ItemGroup>
</Project>